
Microsoft Visual Studio Solution File, Format Version 12.00
# Visual Studio 15
VisualStudioVersion = 15.0.26430.14
MinimumVisualStudioVersion = 10.0.40219.1
Project("{FAE04EC0-301F-11D3-BF4B-00C04F79EFBC}") = "ErrataExtensions", "ErrataExtensions\ErrataExtensions.csproj", "{79414068-034D-4EB9-BB5D-110E9D16120D}"
EndProject
Project("{FAE04EC0-301F-11D3-BF4B-00C04F79EFBC}") = "Errata.IO", "Errata.IO\Errata.IO.csproj", "{57F2350D-3A7E-4536-B8B8-D39DE9059308}"
EndProject
Project("{FAE04EC0-301F-11D3-BF4B-00C04F79EFBC}") = "Errata.Core", "Errata.Core\Errata.Core.csproj", "{79A93E28-0A73-4C6B-9890-84D589718BB5}"
EndProject
Project("{2150E333-8FDC-42A3-9474-1A3956D46DE8}") = "Tests", "Tests", "{A13969FE-262B-496A-BFE4-EBB515AC079A}"
EndProject
Project("{FAE04EC0-301F-11D3-BF4B-00C04F79EFBC}") = "Errata.Core.Tests", "Errata.Core.Tests\Errata.Core.Tests.csproj", "{553371DC-9D34-43D7-8B31-A88BB59B987A}"
EndProject
Project("{2150E333-8FDC-42A3-9474-1A3956D46DE8}") = "Demos", "Demos", "{510B9492-B3C6-4577-814D-6EBF42095250}"
EndProject
Project("{FAE04EC0-301F-11D3-BF4B-00C04F79EFBC}") = "DataTableDemo", "DataTableDemo\DataTableDemo.csproj", "{85B63C0C-67FC-4EE0-B55A-FE4F5FB9C306}"
EndProject
Project("{FAE04EC0-301F-11D3-BF4B-00C04F79EFBC}") = "IsolatedStorageDemo", "IsolatedStorageDemo\IsolatedStorageDemo.csproj", "{650FE7C9-AF09-4A1D-9899-D513D10E007C}"
EndProject
Global
	GlobalSection(SolutionConfigurationPlatforms) = preSolution
		Debug|Any CPU = Debug|Any CPU
		Debug|ARM = Debug|ARM
		Debug|x64 = Debug|x64
		Debug|x86 = Debug|x86
		Release|Any CPU = Release|Any CPU
		Release|ARM = Release|ARM
		Release|x64 = Release|x64
		Release|x86 = Release|x86
	EndGlobalSection
	GlobalSection(ProjectConfigurationPlatforms) = postSolution
		{79414068-034D-4EB9-BB5D-110E9D16120D}.Debug|Any CPU.ActiveCfg = Debug|Any CPU
		{79414068-034D-4EB9-BB5D-110E9D16120D}.Debug|Any CPU.Build.0 = Debug|Any CPU
		{79414068-034D-4EB9-BB5D-110E9D16120D}.Debug|ARM.ActiveCfg = Debug|Any CPU
		{79414068-034D-4EB9-BB5D-110E9D16120D}.Debug|ARM.Build.0 = Debug|Any CPU
		{79414068-034D-4EB9-BB5D-110E9D16120D}.Debug|x64.ActiveCfg = Debug|Any CPU
		{79414068-034D-4EB9-BB5D-110E9D16120D}.Debug|x64.Build.0 = Debug|Any CPU
		{79414068-034D-4EB9-BB5D-110E9D16120D}.Debug|x86.ActiveCfg = Debug|Any CPU
		{79414068-034D-4EB9-BB5D-110E9D16120D}.Debug|x86.Build.0 = Debug|Any CPU
		{79414068-034D-4EB9-BB5D-110E9D16120D}.Release|Any CPU.ActiveCfg = Release|Any CPU
		{79414068-034D-4EB9-BB5D-110E9D16120D}.Release|Any CPU.Build.0 = Release|Any CPU
		{79414068-034D-4EB9-BB5D-110E9D16120D}.Release|ARM.ActiveCfg = Release|Any CPU
		{79414068-034D-4EB9-BB5D-110E9D16120D}.Release|ARM.Build.0 = Release|Any CPU
		{79414068-034D-4EB9-BB5D-110E9D16120D}.Release|x64.ActiveCfg = Release|Any CPU
		{79414068-034D-4EB9-BB5D-110E9D16120D}.Release|x64.Build.0 = Release|Any CPU
		{79414068-034D-4EB9-BB5D-110E9D16120D}.Release|x86.ActiveCfg = Release|Any CPU
		{79414068-034D-4EB9-BB5D-110E9D16120D}.Release|x86.Build.0 = Release|Any CPU
		{57F2350D-3A7E-4536-B8B8-D39DE9059308}.Debug|Any CPU.ActiveCfg = Debug|Any CPU
		{57F2350D-3A7E-4536-B8B8-D39DE9059308}.Debug|Any CPU.Build.0 = Debug|Any CPU
		{57F2350D-3A7E-4536-B8B8-D39DE9059308}.Debug|ARM.ActiveCfg = Debug|Any CPU
		{57F2350D-3A7E-4536-B8B8-D39DE9059308}.Debug|ARM.Build.0 = Debug|Any CPU
		{57F2350D-3A7E-4536-B8B8-D39DE9059308}.Debug|x64.ActiveCfg = Debug|Any CPU
		{57F2350D-3A7E-4536-B8B8-D39DE9059308}.Debug|x64.Build.0 = Debug|Any CPU
		{57F2350D-3A7E-4536-B8B8-D39DE9059308}.Debug|x86.ActiveCfg = Debug|Any CPU
		{57F2350D-3A7E-4536-B8B8-D39DE9059308}.Debug|x86.Build.0 = Debug|Any CPU
		{57F2350D-3A7E-4536-B8B8-D39DE9059308}.Release|Any CPU.ActiveCfg = Release|Any CPU
		{57F2350D-3A7E-4536-B8B8-D39DE9059308}.Release|Any CPU.Build.0 = Release|Any CPU
		{57F2350D-3A7E-4536-B8B8-D39DE9059308}.Release|ARM.ActiveCfg = Release|Any CPU
		{57F2350D-3A7E-4536-B8B8-D39DE9059308}.Release|ARM.Build.0 = Release|Any CPU
		{57F2350D-3A7E-4536-B8B8-D39DE9059308}.Release|x64.ActiveCfg = Release|Any CPU
		{57F2350D-3A7E-4536-B8B8-D39DE9059308}.Release|x64.Build.0 = Release|Any CPU
		{57F2350D-3A7E-4536-B8B8-D39DE9059308}.Release|x86.ActiveCfg = Release|Any CPU
		{57F2350D-3A7E-4536-B8B8-D39DE9059308}.Release|x86.Build.0 = Release|Any CPU
		{79A93E28-0A73-4C6B-9890-84D589718BB5}.Debug|Any CPU.ActiveCfg = Debug|Any CPU
		{79A93E28-0A73-4C6B-9890-84D589718BB5}.Debug|Any CPU.Build.0 = Debug|Any CPU
		{79A93E28-0A73-4C6B-9890-84D589718BB5}.Debug|ARM.ActiveCfg = Debug|Any CPU
		{79A93E28-0A73-4C6B-9890-84D589718BB5}.Debug|ARM.Build.0 = Debug|Any CPU
		{79A93E28-0A73-4C6B-9890-84D589718BB5}.Debug|x64.ActiveCfg = Debug|Any CPU
		{79A93E28-0A73-4C6B-9890-84D589718BB5}.Debug|x64.Build.0 = Debug|Any CPU
		{79A93E28-0A73-4C6B-9890-84D589718BB5}.Debug|x86.ActiveCfg = Debug|Any CPU
		{79A93E28-0A73-4C6B-9890-84D589718BB5}.Debug|x86.Build.0 = Debug|Any CPU
		{79A93E28-0A73-4C6B-9890-84D589718BB5}.Release|Any CPU.ActiveCfg = Release|Any CPU
		{79A93E28-0A73-4C6B-9890-84D589718BB5}.Release|Any CPU.Build.0 = Release|Any CPU
		{79A93E28-0A73-4C6B-9890-84D589718BB5}.Release|ARM.ActiveCfg = Release|Any CPU
		{79A93E28-0A73-4C6B-9890-84D589718BB5}.Release|ARM.Build.0 = Release|Any CPU
		{79A93E28-0A73-4C6B-9890-84D589718BB5}.Release|x64.ActiveCfg = Release|Any CPU
		{79A93E28-0A73-4C6B-9890-84D589718BB5}.Release|x64.Build.0 = Release|Any CPU
		{79A93E28-0A73-4C6B-9890-84D589718BB5}.Release|x86.ActiveCfg = Release|Any CPU
		{79A93E28-0A73-4C6B-9890-84D589718BB5}.Release|x86.Build.0 = Release|Any CPU
		{553371DC-9D34-43D7-8B31-A88BB59B987A}.Debug|Any CPU.ActiveCfg = Debug|Any CPU
		{553371DC-9D34-43D7-8B31-A88BB59B987A}.Debug|Any CPU.Build.0 = Debug|Any CPU
		{553371DC-9D34-43D7-8B31-A88BB59B987A}.Debug|ARM.ActiveCfg = Debug|Any CPU
		{553371DC-9D34-43D7-8B31-A88BB59B987A}.Debug|ARM.Build.0 = Debug|Any CPU
		{553371DC-9D34-43D7-8B31-A88BB59B987A}.Debug|x64.ActiveCfg = Debug|Any CPU
		{553371DC-9D34-43D7-8B31-A88BB59B987A}.Debug|x64.Build.0 = Debug|Any CPU
		{553371DC-9D34-43D7-8B31-A88BB59B987A}.Debug|x86.ActiveCfg = Debug|Any CPU
		{553371DC-9D34-43D7-8B31-A88BB59B987A}.Debug|x86.Build.0 = Debug|Any CPU
		{553371DC-9D34-43D7-8B31-A88BB59B987A}.Release|Any CPU.ActiveCfg = Release|Any CPU
		{553371DC-9D34-43D7-8B31-A88BB59B987A}.Release|Any CPU.Build.0 = Release|Any CPU
		{553371DC-9D34-43D7-8B31-A88BB59B987A}.Release|ARM.ActiveCfg = Release|Any CPU
		{553371DC-9D34-43D7-8B31-A88BB59B987A}.Release|ARM.Build.0 = Release|Any CPU
		{553371DC-9D34-43D7-8B31-A88BB59B987A}.Release|x64.ActiveCfg = Release|Any CPU
		{553371DC-9D34-43D7-8B31-A88BB59B987A}.Release|x64.Build.0 = Release|Any CPU
		{553371DC-9D34-43D7-8B31-A88BB59B987A}.Release|x86.ActiveCfg = Release|Any CPU
		{553371DC-9D34-43D7-8B31-A88BB59B987A}.Release|x86.Build.0 = Release|Any CPU
		{85B63C0C-67FC-4EE0-B55A-FE4F5FB9C306}.Debug|Any CPU.ActiveCfg = Debug|Any CPU
		{85B63C0C-67FC-4EE0-B55A-FE4F5FB9C306}.Debug|Any CPU.Build.0 = Debug|Any CPU
		{85B63C0C-67FC-4EE0-B55A-FE4F5FB9C306}.Debug|ARM.ActiveCfg = Debug|Any CPU
		{85B63C0C-67FC-4EE0-B55A-FE4F5FB9C306}.Debug|ARM.Build.0 = Debug|Any CPU
		{85B63C0C-67FC-4EE0-B55A-FE4F5FB9C306}.Debug|x64.ActiveCfg = Debug|Any CPU
		{85B63C0C-67FC-4EE0-B55A-FE4F5FB9C306}.Debug|x64.Build.0 = Debug|Any CPU
		{85B63C0C-67FC-4EE0-B55A-FE4F5FB9C306}.Debug|x86.ActiveCfg = Debug|Any CPU
		{85B63C0C-67FC-4EE0-B55A-FE4F5FB9C306}.Debug|x86.Build.0 = Debug|Any CPU
		{85B63C0C-67FC-4EE0-B55A-FE4F5FB9C306}.Release|Any CPU.ActiveCfg = Release|Any CPU
		{85B63C0C-67FC-4EE0-B55A-FE4F5FB9C306}.Release|Any CPU.Build.0 = Release|Any CPU
		{85B63C0C-67FC-4EE0-B55A-FE4F5FB9C306}.Release|ARM.ActiveCfg = Release|Any CPU
		{85B63C0C-67FC-4EE0-B55A-FE4F5FB9C306}.Release|ARM.Build.0 = Release|Any CPU
		{85B63C0C-67FC-4EE0-B55A-FE4F5FB9C306}.Release|x64.ActiveCfg = Release|Any CPU
		{85B63C0C-67FC-4EE0-B55A-FE4F5FB9C306}.Release|x64.Build.0 = Release|Any CPU
		{85B63C0C-67FC-4EE0-B55A-FE4F5FB9C306}.Release|x86.ActiveCfg = Release|Any CPU
		{85B63C0C-67FC-4EE0-B55A-FE4F5FB9C306}.Release|x86.Build.0 = Release|Any CPU
		{650FE7C9-AF09-4A1D-9899-D513D10E007C}.Debug|Any CPU.ActiveCfg = Debug|Any CPU
		{650FE7C9-AF09-4A1D-9899-D513D10E007C}.Debug|Any CPU.Build.0 = Debug|Any CPU
		{650FE7C9-AF09-4A1D-9899-D513D10E007C}.Debug|ARM.ActiveCfg = Debug|Any CPU
		{650FE7C9-AF09-4A1D-9899-D513D10E007C}.Debug|ARM.Build.0 = Debug|Any CPU
		{650FE7C9-AF09-4A1D-9899-D513D10E007C}.Debug|x64.ActiveCfg = Debug|Any CPU
		{650FE7C9-AF09-4A1D-9899-D513D10E007C}.Debug|x64.Build.0 = Debug|Any CPU
		{650FE7C9-AF09-4A1D-9899-D513D10E007C}.Debug|x86.ActiveCfg = Debug|Any CPU
		{650FE7C9-AF09-4A1D-9899-D513D10E007C}.Debug|x86.Build.0 = Debug|Any CPU
		{650FE7C9-AF09-4A1D-9899-D513D10E007C}.Release|Any CPU.ActiveCfg = Release|Any CPU
		{650FE7C9-AF09-4A1D-9899-D513D10E007C}.Release|Any CPU.Build.0 = Release|Any CPU
		{650FE7C9-AF09-4A1D-9899-D513D10E007C}.Release|ARM.ActiveCfg = Release|Any CPU
		{650FE7C9-AF09-4A1D-9899-D513D10E007C}.Release|ARM.Build.0 = Release|Any CPU
		{650FE7C9-AF09-4A1D-9899-D513D10E007C}.Release|x64.ActiveCfg = Release|Any CPU
		{650FE7C9-AF09-4A1D-9899-D513D10E007C}.Release|x64.Build.0 = Release|Any CPU
		{650FE7C9-AF09-4A1D-9899-D513D10E007C}.Release|x86.ActiveCfg = Release|Any CPU
		{650FE7C9-AF09-4A1D-9899-D513D10E007C}.Release|x86.Build.0 = Release|Any CPU
	EndGlobalSection
	GlobalSection(SolutionProperties) = preSolution
		HideSolutionNode = FALSE
	EndGlobalSection
	GlobalSection(NestedProjects) = preSolution
		{553371DC-9D34-43D7-8B31-A88BB59B987A} = {A13969FE-262B-496A-BFE4-EBB515AC079A}
		{85B63C0C-67FC-4EE0-B55A-FE4F5FB9C306} = {510B9492-B3C6-4577-814D-6EBF42095250}
		{650FE7C9-AF09-4A1D-9899-D513D10E007C} = {510B9492-B3C6-4577-814D-6EBF42095250}
	EndGlobalSection
	GlobalSection(CodealikeProperties) = postSolution
		SolutionGuid = 9faf082d-a855-448e-8df0-2b66fefb0ef7
	EndGlobalSection
EndGlobal
