
Microsoft Visual Studio Solution File, Format Version 12.00
# Visual Studio 15
VisualStudioVersion = 15.0.26430.14
MinimumVisualStudioVersion = 10.0.40219.1
Project("{FAE04EC0-301F-11D3-BF4B-00C04F79EFBC}") = "ErrataExtensions", "ErrataExtensions\ErrataExtensions.csproj", "{79414068-034D-4EB9-BB5D-110E9D16120D}"
EndProject
Project("{FAE04EC0-301F-11D3-BF4B-00C04F79EFBC}") = "Errata.IO", "Errata.IO\Errata.IO.csproj", "{57F2350D-3A7E-4536-B8B8-D39DE9059308}"
EndProject
Project("{FAE04EC0-301F-11D3-BF4B-00C04F79EFBC}") = "Errata.Core", "Errata.Core\Errata.Core.csproj", "{79A93E28-0A73-4C6B-9890-84D589718BB5}"
EndProject
Project("{2150E333-8FDC-42A3-9474-1A3956D46DE8}") = "Tests", "Tests", "{A13969FE-262B-496A-BFE4-EBB515AC079A}"
EndProject
Project("{FAE04EC0-301F-11D3-BF4B-00C04F79EFBC}") = "Errata.Core.Tests", "Errata.Core.Tests\Errata.Core.Tests.csproj", "{553371DC-9D34-43D7-8B31-A88BB59B987A}"
EndProject
Project("{2150E333-8FDC-42A3-9474-1A3956D46DE8}") = "Framework", "Framework", "{A52F07A3-7F86-4347-B1CC-04BF563BC0BE}"
EndProject
Project("{2150E333-8FDC-42A3-9474-1A3956D46DE8}") = "DotNetCore", "DotNetCore", "{2A7E1996-8F4E-4EB2-BFA5-FE97796D1BDB}"
EndProject
Project("{9A19103F-16F7-4668-BE54-9A1E7A4F7556}") = "NetCore.Eratta.Core", "NetCore.Eratta.Core\NetCore.Eratta.Core.csproj", "{F76DC609-2E8C-4800-A792-D9C3E3AE3FB8}"
EndProject
Project("{9A19103F-16F7-4668-BE54-9A1E7A4F7556}") = "NetCore.Errata.IO", "NetCore.Errata.IO\NetCore.Errata.IO.csproj", "{7BC1E5FD-5222-4A4E-8501-0D6ED6833A52}"
EndProject
Project("{FAE04EC0-301F-11D3-BF4B-00C04F79EFBC}") = "NetCore.ErrataExtensions", "NetCore.ErrataExtensions\NetCore.ErrataExtensions.csproj", "{28079CF7-457F-42F6-B6C9-A503004041DD}"
EndProject
Global
	GlobalSection(SolutionConfigurationPlatforms) = preSolution
		Debug|Any CPU = Debug|Any CPU
		Debug|ARM = Debug|ARM
		Debug|x64 = Debug|x64
		Debug|x86 = Debug|x86
		Release|Any CPU = Release|Any CPU
		Release|ARM = Release|ARM
		Release|x64 = Release|x64
		Release|x86 = Release|x86
	EndGlobalSection
	GlobalSection(ProjectConfigurationPlatforms) = postSolution
		{79414068-034D-4EB9-BB5D-110E9D16120D}.Debug|Any CPU.ActiveCfg = Debug|Any CPU
		{79414068-034D-4EB9-BB5D-110E9D16120D}.Debug|Any CPU.Build.0 = Debug|Any CPU
		{79414068-034D-4EB9-BB5D-110E9D16120D}.Debug|ARM.ActiveCfg = Debug|Any CPU
		{79414068-034D-4EB9-BB5D-110E9D16120D}.Debug|ARM.Build.0 = Debug|Any CPU
		{79414068-034D-4EB9-BB5D-110E9D16120D}.Debug|x64.ActiveCfg = Debug|Any CPU
		{79414068-034D-4EB9-BB5D-110E9D16120D}.Debug|x64.Build.0 = Debug|Any CPU
		{79414068-034D-4EB9-BB5D-110E9D16120D}.Debug|x86.ActiveCfg = Debug|Any CPU
		{79414068-034D-4EB9-BB5D-110E9D16120D}.Debug|x86.Build.0 = Debug|Any CPU
		{79414068-034D-4EB9-BB5D-110E9D16120D}.Release|Any CPU.ActiveCfg = Release|Any CPU
		{79414068-034D-4EB9-BB5D-110E9D16120D}.Release|Any CPU.Build.0 = Release|Any CPU
		{79414068-034D-4EB9-BB5D-110E9D16120D}.Release|ARM.ActiveCfg = Release|Any CPU
		{79414068-034D-4EB9-BB5D-110E9D16120D}.Release|ARM.Build.0 = Release|Any CPU
		{79414068-034D-4EB9-BB5D-110E9D16120D}.Release|x64.ActiveCfg = Release|Any CPU
		{79414068-034D-4EB9-BB5D-110E9D16120D}.Release|x64.Build.0 = Release|Any CPU
		{79414068-034D-4EB9-BB5D-110E9D16120D}.Release|x86.ActiveCfg = Release|Any CPU
		{79414068-034D-4EB9-BB5D-110E9D16120D}.Release|x86.Build.0 = Release|Any CPU
		{57F2350D-3A7E-4536-B8B8-D39DE9059308}.Debug|Any CPU.ActiveCfg = Debug|Any CPU
		{57F2350D-3A7E-4536-B8B8-D39DE9059308}.Debug|Any CPU.Build.0 = Debug|Any CPU
		{57F2350D-3A7E-4536-B8B8-D39DE9059308}.Debug|ARM.ActiveCfg = Debug|Any CPU
		{57F2350D-3A7E-4536-B8B8-D39DE9059308}.Debug|ARM.Build.0 = Debug|Any CPU
		{57F2350D-3A7E-4536-B8B8-D39DE9059308}.Debug|x64.ActiveCfg = Debug|Any CPU
		{57F2350D-3A7E-4536-B8B8-D39DE9059308}.Debug|x64.Build.0 = Debug|Any CPU
		{57F2350D-3A7E-4536-B8B8-D39DE9059308}.Debug|x86.ActiveCfg = Debug|Any CPU
		{57F2350D-3A7E-4536-B8B8-D39DE9059308}.Debug|x86.Build.0 = Debug|Any CPU
		{57F2350D-3A7E-4536-B8B8-D39DE9059308}.Release|Any CPU.ActiveCfg = Release|Any CPU
		{57F2350D-3A7E-4536-B8B8-D39DE9059308}.Release|Any CPU.Build.0 = Release|Any CPU
		{57F2350D-3A7E-4536-B8B8-D39DE9059308}.Release|ARM.ActiveCfg = Release|Any CPU
		{57F2350D-3A7E-4536-B8B8-D39DE9059308}.Release|ARM.Build.0 = Release|Any CPU
		{57F2350D-3A7E-4536-B8B8-D39DE9059308}.Release|x64.ActiveCfg = Release|Any CPU
		{57F2350D-3A7E-4536-B8B8-D39DE9059308}.Release|x64.Build.0 = Release|Any CPU
		{57F2350D-3A7E-4536-B8B8-D39DE9059308}.Release|x86.ActiveCfg = Release|Any CPU
		{57F2350D-3A7E-4536-B8B8-D39DE9059308}.Release|x86.Build.0 = Release|Any CPU
		{79A93E28-0A73-4C6B-9890-84D589718BB5}.Debug|Any CPU.ActiveCfg = Debug|Any CPU
		{79A93E28-0A73-4C6B-9890-84D589718BB5}.Debug|Any CPU.Build.0 = Debug|Any CPU
		{79A93E28-0A73-4C6B-9890-84D589718BB5}.Debug|ARM.ActiveCfg = Debug|Any CPU
		{79A93E28-0A73-4C6B-9890-84D589718BB5}.Debug|ARM.Build.0 = Debug|Any CPU
		{79A93E28-0A73-4C6B-9890-84D589718BB5}.Debug|x64.ActiveCfg = Debug|Any CPU
		{79A93E28-0A73-4C6B-9890-84D589718BB5}.Debug|x64.Build.0 = Debug|Any CPU
		{79A93E28-0A73-4C6B-9890-84D589718BB5}.Debug|x86.ActiveCfg = Debug|Any CPU
		{79A93E28-0A73-4C6B-9890-84D589718BB5}.Debug|x86.Build.0 = Debug|Any CPU
		{79A93E28-0A73-4C6B-9890-84D589718BB5}.Release|Any CPU.ActiveCfg = Release|Any CPU
		{79A93E28-0A73-4C6B-9890-84D589718BB5}.Release|Any CPU.Build.0 = Release|Any CPU
		{79A93E28-0A73-4C6B-9890-84D589718BB5}.Release|ARM.ActiveCfg = Release|Any CPU
		{79A93E28-0A73-4C6B-9890-84D589718BB5}.Release|ARM.Build.0 = Release|Any CPU
		{79A93E28-0A73-4C6B-9890-84D589718BB5}.Release|x64.ActiveCfg = Release|Any CPU
		{79A93E28-0A73-4C6B-9890-84D589718BB5}.Release|x64.Build.0 = Release|Any CPU
		{79A93E28-0A73-4C6B-9890-84D589718BB5}.Release|x86.ActiveCfg = Release|Any CPU
		{79A93E28-0A73-4C6B-9890-84D589718BB5}.Release|x86.Build.0 = Release|Any CPU
		{553371DC-9D34-43D7-8B31-A88BB59B987A}.Debug|Any CPU.ActiveCfg = Debug|Any CPU
		{553371DC-9D34-43D7-8B31-A88BB59B987A}.Debug|Any CPU.Build.0 = Debug|Any CPU
		{553371DC-9D34-43D7-8B31-A88BB59B987A}.Debug|ARM.ActiveCfg = Debug|Any CPU
		{553371DC-9D34-43D7-8B31-A88BB59B987A}.Debug|ARM.Build.0 = Debug|Any CPU
		{553371DC-9D34-43D7-8B31-A88BB59B987A}.Debug|x64.ActiveCfg = Debug|Any CPU
		{553371DC-9D34-43D7-8B31-A88BB59B987A}.Debug|x64.Build.0 = Debug|Any CPU
		{553371DC-9D34-43D7-8B31-A88BB59B987A}.Debug|x86.ActiveCfg = Debug|Any CPU
		{553371DC-9D34-43D7-8B31-A88BB59B987A}.Debug|x86.Build.0 = Debug|Any CPU
		{553371DC-9D34-43D7-8B31-A88BB59B987A}.Release|Any CPU.ActiveCfg = Release|Any CPU
		{553371DC-9D34-43D7-8B31-A88BB59B987A}.Release|Any CPU.Build.0 = Release|Any CPU
		{553371DC-9D34-43D7-8B31-A88BB59B987A}.Release|ARM.ActiveCfg = Release|Any CPU
		{553371DC-9D34-43D7-8B31-A88BB59B987A}.Release|ARM.Build.0 = Release|Any CPU
		{553371DC-9D34-43D7-8B31-A88BB59B987A}.Release|x64.ActiveCfg = Release|Any CPU
		{553371DC-9D34-43D7-8B31-A88BB59B987A}.Release|x64.Build.0 = Release|Any CPU
		{553371DC-9D34-43D7-8B31-A88BB59B987A}.Release|x86.ActiveCfg = Release|Any CPU
		{553371DC-9D34-43D7-8B31-A88BB59B987A}.Release|x86.Build.0 = Release|Any CPU
		{F76DC609-2E8C-4800-A792-D9C3E3AE3FB8}.Debug|Any CPU.ActiveCfg = Debug|Any CPU
		{F76DC609-2E8C-4800-A792-D9C3E3AE3FB8}.Debug|Any CPU.Build.0 = Debug|Any CPU
		{F76DC609-2E8C-4800-A792-D9C3E3AE3FB8}.Debug|ARM.ActiveCfg = Debug|Any CPU
		{F76DC609-2E8C-4800-A792-D9C3E3AE3FB8}.Debug|ARM.Build.0 = Debug|Any CPU
		{F76DC609-2E8C-4800-A792-D9C3E3AE3FB8}.Debug|x64.ActiveCfg = Debug|Any CPU
		{F76DC609-2E8C-4800-A792-D9C3E3AE3FB8}.Debug|x64.Build.0 = Debug|Any CPU
		{F76DC609-2E8C-4800-A792-D9C3E3AE3FB8}.Debug|x86.ActiveCfg = Debug|Any CPU
		{F76DC609-2E8C-4800-A792-D9C3E3AE3FB8}.Debug|x86.Build.0 = Debug|Any CPU
		{F76DC609-2E8C-4800-A792-D9C3E3AE3FB8}.Release|Any CPU.ActiveCfg = Release|Any CPU
		{F76DC609-2E8C-4800-A792-D9C3E3AE3FB8}.Release|Any CPU.Build.0 = Release|Any CPU
		{F76DC609-2E8C-4800-A792-D9C3E3AE3FB8}.Release|ARM.ActiveCfg = Release|Any CPU
		{F76DC609-2E8C-4800-A792-D9C3E3AE3FB8}.Release|ARM.Build.0 = Release|Any CPU
		{F76DC609-2E8C-4800-A792-D9C3E3AE3FB8}.Release|x64.ActiveCfg = Release|Any CPU
		{F76DC609-2E8C-4800-A792-D9C3E3AE3FB8}.Release|x64.Build.0 = Release|Any CPU
		{F76DC609-2E8C-4800-A792-D9C3E3AE3FB8}.Release|x86.ActiveCfg = Release|Any CPU
		{F76DC609-2E8C-4800-A792-D9C3E3AE3FB8}.Release|x86.Build.0 = Release|Any CPU
		{7BC1E5FD-5222-4A4E-8501-0D6ED6833A52}.Debug|Any CPU.ActiveCfg = Debug|Any CPU
		{7BC1E5FD-5222-4A4E-8501-0D6ED6833A52}.Debug|Any CPU.Build.0 = Debug|Any CPU
		{7BC1E5FD-5222-4A4E-8501-0D6ED6833A52}.Debug|ARM.ActiveCfg = Debug|Any CPU
		{7BC1E5FD-5222-4A4E-8501-0D6ED6833A52}.Debug|ARM.Build.0 = Debug|Any CPU
		{7BC1E5FD-5222-4A4E-8501-0D6ED6833A52}.Debug|x64.ActiveCfg = Debug|Any CPU
		{7BC1E5FD-5222-4A4E-8501-0D6ED6833A52}.Debug|x64.Build.0 = Debug|Any CPU
		{7BC1E5FD-5222-4A4E-8501-0D6ED6833A52}.Debug|x86.ActiveCfg = Debug|Any CPU
		{7BC1E5FD-5222-4A4E-8501-0D6ED6833A52}.Debug|x86.Build.0 = Debug|Any CPU
		{7BC1E5FD-5222-4A4E-8501-0D6ED6833A52}.Release|Any CPU.ActiveCfg = Release|Any CPU
		{7BC1E5FD-5222-4A4E-8501-0D6ED6833A52}.Release|Any CPU.Build.0 = Release|Any CPU
		{7BC1E5FD-5222-4A4E-8501-0D6ED6833A52}.Release|ARM.ActiveCfg = Release|Any CPU
		{7BC1E5FD-5222-4A4E-8501-0D6ED6833A52}.Release|ARM.Build.0 = Release|Any CPU
		{7BC1E5FD-5222-4A4E-8501-0D6ED6833A52}.Release|x64.ActiveCfg = Release|Any CPU
		{7BC1E5FD-5222-4A4E-8501-0D6ED6833A52}.Release|x64.Build.0 = Release|Any CPU
		{7BC1E5FD-5222-4A4E-8501-0D6ED6833A52}.Release|x86.ActiveCfg = Release|Any CPU
		{7BC1E5FD-5222-4A4E-8501-0D6ED6833A52}.Release|x86.Build.0 = Release|Any CPU
		{28079CF7-457F-42F6-B6C9-A503004041DD}.Debug|Any CPU.ActiveCfg = Debug|Any CPU
		{28079CF7-457F-42F6-B6C9-A503004041DD}.Debug|Any CPU.Build.0 = Debug|Any CPU
		{28079CF7-457F-42F6-B6C9-A503004041DD}.Debug|ARM.ActiveCfg = Debug|Any CPU
		{28079CF7-457F-42F6-B6C9-A503004041DD}.Debug|ARM.Build.0 = Debug|Any CPU
		{28079CF7-457F-42F6-B6C9-A503004041DD}.Debug|x64.ActiveCfg = Debug|Any CPU
		{28079CF7-457F-42F6-B6C9-A503004041DD}.Debug|x64.Build.0 = Debug|Any CPU
		{28079CF7-457F-42F6-B6C9-A503004041DD}.Debug|x86.ActiveCfg = Debug|Any CPU
		{28079CF7-457F-42F6-B6C9-A503004041DD}.Debug|x86.Build.0 = Debug|Any CPU
		{28079CF7-457F-42F6-B6C9-A503004041DD}.Release|Any CPU.ActiveCfg = Release|Any CPU
		{28079CF7-457F-42F6-B6C9-A503004041DD}.Release|Any CPU.Build.0 = Release|Any CPU
		{28079CF7-457F-42F6-B6C9-A503004041DD}.Release|ARM.ActiveCfg = Release|Any CPU
		{28079CF7-457F-42F6-B6C9-A503004041DD}.Release|ARM.Build.0 = Release|Any CPU
		{28079CF7-457F-42F6-B6C9-A503004041DD}.Release|x64.ActiveCfg = Release|Any CPU
		{28079CF7-457F-42F6-B6C9-A503004041DD}.Release|x64.Build.0 = Release|Any CPU
		{28079CF7-457F-42F6-B6C9-A503004041DD}.Release|x86.ActiveCfg = Release|Any CPU
		{28079CF7-457F-42F6-B6C9-A503004041DD}.Release|x86.Build.0 = Release|Any CPU
	EndGlobalSection
	GlobalSection(SolutionProperties) = preSolution
		HideSolutionNode = FALSE
	EndGlobalSection
	GlobalSection(NestedProjects) = preSolution
		{79414068-034D-4EB9-BB5D-110E9D16120D} = {A52F07A3-7F86-4347-B1CC-04BF563BC0BE}
		{57F2350D-3A7E-4536-B8B8-D39DE9059308} = {A52F07A3-7F86-4347-B1CC-04BF563BC0BE}
		{79A93E28-0A73-4C6B-9890-84D589718BB5} = {A52F07A3-7F86-4347-B1CC-04BF563BC0BE}
		{A13969FE-262B-496A-BFE4-EBB515AC079A} = {A52F07A3-7F86-4347-B1CC-04BF563BC0BE}
		{553371DC-9D34-43D7-8B31-A88BB59B987A} = {A13969FE-262B-496A-BFE4-EBB515AC079A}
		{F76DC609-2E8C-4800-A792-D9C3E3AE3FB8} = {2A7E1996-8F4E-4EB2-BFA5-FE97796D1BDB}
		{7BC1E5FD-5222-4A4E-8501-0D6ED6833A52} = {2A7E1996-8F4E-4EB2-BFA5-FE97796D1BDB}
		{28079CF7-457F-42F6-B6C9-A503004041DD} = {2A7E1996-8F4E-4EB2-BFA5-FE97796D1BDB}
	EndGlobalSection
	GlobalSection(ExtensibilityGlobals) = postSolution
		SolutionGuid = {1522D263-AD95-42B5-BBBB-C218B4096621}
	EndGlobalSection
	GlobalSection(CodealikeProperties) = postSolution
		SolutionGuid = 9faf082d-a855-448e-8df0-2b66fefb0ef7
	EndGlobalSection
EndGlobal
